
Microsoft Visual Studio Solution File, Format Version 12.00
# Visual Studio Version 16
VisualStudioVersion = 16.0.29926.136
MinimumVisualStudioVersion = 10.0.40219.1
Project("{FAE04EC0-301F-11D3-BF4B-00C04F79EFBC}") = "GZipCompressionTool", "GZipCompressionTool\GZipCompressionTool.csproj", "{DA9573EB-EA75-45F2-9318-B1D600AF852E}"
EndProject
Global
	GlobalSection(SolutionConfigurationPlatforms) = preSolution
		Debug|Any CPU = Debug|Any CPU
		Release|Any CPU = Release|Any CPU
	EndGlobalSection
	GlobalSection(ProjectConfigurationPlatforms) = postSolution
		{DA9573EB-EA75-45F2-9318-B1D600AF852E}.Debug|Any CPU.ActiveCfg = Debug|Any CPU
		{DA9573EB-EA75-45F2-9318-B1D600AF852E}.Debug|Any CPU.Build.0 = Debug|Any CPU
		{DA9573EB-EA75-45F2-9318-B1D600AF852E}.Release|Any CPU.ActiveCfg = Release|Any CPU
		{DA9573EB-EA75-45F2-9318-B1D600AF852E}.Release|Any CPU.Build.0 = Release|Any CPU
	EndGlobalSection
	GlobalSection(SolutionProperties) = preSolution
		HideSolutionNode = FALSE
	EndGlobalSection
	GlobalSection(ExtensibilityGlobals) = postSolution
		SolutionGuid = {F1EF54E7-E95D-4D5A-A7B6-113116D99F68}
	EndGlobalSection
EndGlobal
